
Microsoft Visual Studio Solution File, Format Version 11.00
# Visual Studio 2010
Project("{8BC9CEB8-8B4A-11D0-8D11-00A0C91BC942}") = "comprehensive2_2", "comprehensive2_2\comprehensive2_2.vcxproj", "{63B41D5B-087A-4975-8F7B-ED34009BCB25}"
EndProject
Global
	GlobalSection(SolutionConfigurationPlatforms) = preSolution
		Debug|Win32 = Debug|Win32
		Release|Win32 = Release|Win32
	EndGlobalSection
	GlobalSection(ProjectConfigurationPlatforms) = postSolution
		{63B41D5B-087A-4975-8F7B-ED34009BCB25}.Debug|Win32.ActiveCfg = Debug|Win32
		{63B41D5B-087A-4975-8F7B-ED34009BCB25}.Debug|Win32.Build.0 = Debug|Win32
		{63B41D5B-087A-4975-8F7B-ED34009BCB25}.Release|Win32.ActiveCfg = Release|Win32
		{63B41D5B-087A-4975-8F7B-ED34009BCB25}.Release|Win32.Build.0 = Release|Win32
	EndGlobalSection
	GlobalSection(SolutionProperties) = preSolution
		HideSolutionNode = FALSE
	EndGlobalSection
EndGlobal
